
Microsoft Visual Studio Solution File, Format Version 12.00
# Visual Studio Version 17
VisualStudioVersion = 17.6.33829.357
MinimumVisualStudioVersion = 10.0.40219.1
Project("{F184B08F-C81C-45F6-A57F-5ABD9991F28F}") = "GoogleForm", "GoogleForm.vbproj", "{2B0EEBD0-20D2-442A-85ED-ED37334555B7}"
EndProject
Global
	GlobalSection(SolutionConfigurationPlatforms) = preSolution
		Debug|Any CPU = Debug|Any CPU
		Release|Any CPU = Release|Any CPU
	EndGlobalSection
	GlobalSection(ProjectConfigurationPlatforms) = postSolution
		{2B0EEBD0-20D2-442A-85ED-ED37334555B7}.Debug|Any CPU.ActiveCfg = Debug|Any CPU
		{2B0EEBD0-20D2-442A-85ED-ED37334555B7}.Debug|Any CPU.Build.0 = Debug|Any CPU
		{2B0EEBD0-20D2-442A-85ED-ED37334555B7}.Release|Any CPU.ActiveCfg = Release|Any CPU
		{2B0EEBD0-20D2-442A-85ED-ED37334555B7}.Release|Any CPU.Build.0 = Release|Any CPU
	EndGlobalSection
	GlobalSection(SolutionProperties) = preSolution
		HideSolutionNode = FALSE
	EndGlobalSection
	GlobalSection(ExtensibilityGlobals) = postSolution
		SolutionGuid = {9F800AC2-EE1A-40F2-9151-9F2DA7C3C588}
	EndGlobalSection
EndGlobal
